
Microsoft Visual Studio Solution File, Format Version 12.00
# Visual Studio Version 17
VisualStudioVersion = 17.5.33530.505
MinimumVisualStudioVersion = 10.0.40219.1
Project("{9A19103F-16F7-4668-BE54-9A1E7A4F7556}") = "JwtAuthenticationSample", "JwtAuthenticationSample\JwtAuthenticationSample.csproj", "{F1BC7398-42A4-4696-9F26-3FB647156298}"
EndProject
Global
	GlobalSection(SolutionConfigurationPlatforms) = preSolution
		Debug|Any CPU = Debug|Any CPU
		Release|Any CPU = Release|Any CPU
	EndGlobalSection
	GlobalSection(ProjectConfigurationPlatforms) = postSolution
		{F1BC7398-42A4-4696-9F26-3FB647156298}.Debug|Any CPU.ActiveCfg = Debug|Any CPU
		{F1BC7398-42A4-4696-9F26-3FB647156298}.Debug|Any CPU.Build.0 = Debug|Any CPU
		{F1BC7398-42A4-4696-9F26-3FB647156298}.Release|Any CPU.ActiveCfg = Release|Any CPU
		{F1BC7398-42A4-4696-9F26-3FB647156298}.Release|Any CPU.Build.0 = Release|Any CPU
	EndGlobalSection
	GlobalSection(SolutionProperties) = preSolution
		HideSolutionNode = FALSE
	EndGlobalSection
	GlobalSection(ExtensibilityGlobals) = postSolution
		SolutionGuid = {51EB42DB-918F-44AF-B54F-34EA006446B1}
	EndGlobalSection
EndGlobal
